// !$*UTF8*$!
{
	archiveVersion = 1;
	classes = {
	};
	objectVersion = 77;
	objects = {

/* Begin PBXContainerItemProxy section */
		479CE48E2DEDCB9900750F37 /* PBXContainerItemProxy */ = {
			isa = PBXContainerItemProxy;
			containerPortal = 479CE4782DEDCB9700750F37 /* Project object */;
			proxyType = 1;
			remoteGlobalIDString = 479CE47F2DEDCB9700750F37;
			remoteInfo = FetchTakeHomeAssesment;
		};
		479CE4982DEDCB9900750F37 /* PBXContainerItemProxy */ = {
			isa = PBXContainerItemProxy;
			containerPortal = 479CE4782DEDCB9700750F37 /* Project object */;
			proxyType = 1;
			remoteGlobalIDString = 479CE47F2DEDCB9700750F37;
			remoteInfo = FetchTakeHomeAssesment;
		};
/* End PBXContainerItemProxy section */

/* Begin PBXFileReference section */
		479CE4802DEDCB9700750F37 /* FetchTakeHomeAssesment.app */ = {isa = PBXFileReference; explicitFileType = wrapper.application; includeInIndex = 0; path = FetchTakeHomeAssesment.app; sourceTree = BUILT_PRODUCTS_DIR; };
		479CE48D2DEDCB9900750F37 /* FetchTakeHomeAssesmentTests.xctest */ = {isa = PBXFileReference; explicitFileType = wrapper.cfbundle; includeInIndex = 0; path = FetchTakeHomeAssesmentTests.xctest; sourceTree = BUILT_PRODUCTS_DIR; };
		479CE4972DEDCB9900750F37 /* FetchTakeHomeAssesmentUITests.xctest */ = {isa = PBXFileReference; explicitFileType = wrapper.cfbundle; includeInIndex = 0; path = FetchTakeHomeAssesmentUITests.xctest; sourceTree = BUILT_PRODUCTS_DIR; };
/* End PBXFileReference section */

/* Begin PBXFileSystemSynchronizedRootGroup section */
		479CE4822DEDCB9700750F37 /* FetchTakeHomeAssesment */ = {
			isa = PBXFileSystemSynchronizedRootGroup;
			path = FetchTakeHomeAssesment;
			sourceTree = "<group>";
		};
		479CE4902DEDCB9900750F37 /* FetchTakeHomeAssesmentTests */ = {
			isa = PBXFileSystemSynchronizedRootGroup;
			path = FetchTakeHomeAssesmentTests;
			sourceTree = "<group>";
		};
		479CE49A2DEDCB9900750F37 /* FetchTakeHomeAssesmentUITests */ = {
			isa = PBXFileSystemSynchronizedRootGroup;
			path = FetchTakeHomeAssesmentUITests;
			sourceTree = "<group>";
		};
/* End PBXFileSystemSynchronizedRootGroup section */

/* Begin PBXFrameworksBuildPhase section */
		479CE47D2DEDCB9700750F37 /* Frameworks */ = {
			isa = PBXFrameworksBuildPhase;
			buildActionMask = 2147483647;
			files = (
			);
			runOnlyForDeploymentPostprocessing = 0;
		};
		479CE48A2DEDCB9900750F37 /* Frameworks */ = {
			isa = PBXFrameworksBuildPhase;
			buildActionMask = 2147483647;
			files = (
			);
			runOnlyForDeploymentPostprocessing = 0;
		};
		479CE4942DEDCB9900750F37 /* Frameworks */ = {
			isa = PBXFrameworksBuildPhase;
			buildActionMask = 2147483647;
			files = (
			);
			runOnlyForDeploymentPostprocessing = 0;
		};
/* End PBXFrameworksBuildPhase section */

/* Begin PBXGroup section */
		479CE4772DEDCB9700750F37 = {
			isa = PBXGroup;
			children = (
				479CE4822DEDCB9700750F37 /* FetchTakeHomeAssesment */,
				479CE4902DEDCB9900750F37 /* FetchTakeHomeAssesmentTests */,
				479CE49A2DEDCB9900750F37 /* FetchTakeHomeAssesmentUITests */,
				479CE4812DEDCB9700750F37 /* Products */,
			);
			sourceTree = "<group>";
		};
		479CE4812DEDCB9700750F37 /* Products */ = {
			isa = PBXGroup;
			children = (
				479CE4802DEDCB9700750F37 /* FetchTakeHomeAssesment.app */,
				479CE48D2DEDCB9900750F37 /* FetchTakeHomeAssesmentTests.xctest */,
				479CE4972DEDCB9900750F37 /* FetchTakeHomeAssesmentUITests.xctest */,
			);
			name = Products;
			sourceTree = "<group>";
		};
/* End PBXGroup section */

/* Begin PBXNativeTarget section */
		479CE47F2DEDCB9700750F37 /* FetchTakeHomeAssesment */ = {
			isa = PBXNativeTarget;
			buildConfigurationList = 479CE4A12DEDCB9900750F37 /* Build configuration list for PBXNativeTarget "FetchTakeHomeAssesment" */;
			buildPhases = (
				479CE47C2DEDCB9700750F37 /* Sources */,
				479CE47D2DEDCB9700750F37 /* Frameworks */,
				479CE47E2DEDCB9700750F37 /* Resources */,
			);
			buildRules = (
			);
			dependencies = (
			);
			fileSystemSynchronizedGroups = (
				479CE4822DEDCB9700750F37 /* FetchTakeHomeAssesment */,
			);
			name = FetchTakeHomeAssesment;
			packageProductDependencies = (
			);
			productName = FetchTakeHomeAssesment;
			productReference = 479CE4802DEDCB9700750F37 /* FetchTakeHomeAssesment.app */;
			productType = "com.apple.product-type.application";
		};
		479CE48C2DEDCB9900750F37 /* FetchTakeHomeAssesmentTests */ = {
			isa = PBXNativeTarget;
			buildConfigurationList = 479CE4A42DEDCB9900750F37 /* Build configuration list for PBXNativeTarget "FetchTakeHomeAssesmentTests" */;
			buildPhases = (
				479CE4892DEDCB9900750F37 /* Sources */,
				479CE48A2DEDCB9900750F37 /* Frameworks */,
				479CE48B2DEDCB9900750F37 /* Resources */,
			);
			buildRules = (
			);
			dependencies = (
				479CE48F2DEDCB9900750F37 /* PBXTargetDependency */,
			);
			fileSystemSynchronizedGroups = (
				479CE4902DEDCB9900750F37 /* FetchTakeHomeAssesmentTests */,
			);
			name = FetchTakeHomeAssesmentTests;
			packageProductDependencies = (
			);
			productName = FetchTakeHomeAssesmentTests;
			productReference = 479CE48D2DEDCB9900750F37 /* FetchTakeHomeAssesmentTests.xctest */;
			productType = "com.apple.product-type.bundle.unit-test";
		};
		479CE4962DEDCB9900750F37 /* FetchTakeHomeAssesmentUITests */ = {
			isa = PBXNativeTarget;
			buildConfigurationList = 479CE4A72DEDCB9900750F37 /* Build configuration list for PBXNativeTarget "FetchTakeHomeAssesmentUITests" */;
			buildPhases = (
				479CE4932DEDCB9900750F37 /* Sources */,
				479CE4942DEDCB9900750F37 /* Frameworks */,
				479CE4952DEDCB9900750F37 /* Resources */,
			);
			buildRules = (
			);
			dependencies = (
				479CE4992DEDCB9900750F37 /* PBXTargetDependency */,
			);
			fileSystemSynchronizedGroups = (
				479CE49A2DEDCB9900750F37 /* FetchTakeHomeAssesmentUITests */,
			);
			name = FetchTakeHomeAssesmentUITests;
			packageProductDependencies = (
			);
			productName = FetchTakeHomeAssesmentUITests;
			productReference = 479CE4972DEDCB9900750F37 /* FetchTakeHomeAssesmentUITests.xctest */;
			productType = "com.apple.product-type.bundle.ui-testing";
		};
/* End PBXNativeTarget section */

/* Begin PBXProject section */
		479CE4782DEDCB9700750F37 /* Project object */ = {
			isa = PBXProject;
			attributes = {
				BuildIndependentTargetsInParallel = 1;
				LastSwiftUpdateCheck = 1640;
				LastUpgradeCheck = 1640;
				TargetAttributes = {
					479CE47F2DEDCB9700750F37 = {
						CreatedOnToolsVersion = 16.4;
					};
					479CE48C2DEDCB9900750F37 = {
						CreatedOnToolsVersion = 16.4;
						TestTargetID = 479CE47F2DEDCB9700750F37;
					};
					479CE4962DEDCB9900750F37 = {
						CreatedOnToolsVersion = 16.4;
						TestTargetID = 479CE47F2DEDCB9700750F37;
					};
				};
			};
			buildConfigurationList = 479CE47B2DEDCB9700750F37 /* Build configuration list for PBXProject "FetchTakeHomeAssesment" */;
			developmentRegion = en;
			hasScannedForEncodings = 0;
			knownRegions = (
				en,
				Base,
			);
			mainGroup = 479CE4772DEDCB9700750F37;
			minimizedProjectReferenceProxies = 1;
			preferredProjectObjectVersion = 77;
			productRefGroup = 479CE4812DEDCB9700750F37 /* Products */;
			projectDirPath = "";
			projectRoot = "";
			targets = (
				479CE47F2DEDCB9700750F37 /* FetchTakeHomeAssesment */,
				479CE48C2DEDCB9900750F37 /* FetchTakeHomeAssesmentTests */,
				479CE4962DEDCB9900750F37 /* FetchTakeHomeAssesmentUITests */,
			);
		};
/* End PBXProject section */

/* Begin PBXResourcesBuildPhase section */
		479CE47E2DEDCB9700750F37 /* Resources */ = {
			isa = PBXResourcesBuildPhase;
			buildActionMask = 2147483647;
			files = (
			);
			runOnlyForDeploymentPostprocessing = 0;
		};
		479CE48B2DEDCB9900750F37 /* Resources */ = {
			isa = PBXResourcesBuildPhase;
			buildActionMask = 2147483647;
			files = (
			);
			runOnlyForDeploymentPostprocessing = 0;
		};
		479CE4952DEDCB9900750F37 /* Resources */ = {
			isa = PBXResourcesBuildPhase;
			buildActionMask = 2147483647;
			files = (
			);
			runOnlyForDeploymentPostprocessing = 0;
		};
/* End PBXResourcesBuildPhase section */

/* Begin PBXSourcesBuildPhase section */
		479CE47C2DEDCB9700750F37 /* Sources */ = {
			isa = PBXSourcesBuildPhase;
			buildActionMask = 2147483647;
			files = (
			);
			runOnlyForDeploymentPostprocessing = 0;
		};
		479CE4892DEDCB9900750F37 /* Sources */ = {
			isa = PBXSourcesBuildPhase;
			buildActionMask = 2147483647;
			files = (
			);
			runOnlyForDeploymentPostprocessing = 0;
		};
		479CE4932DEDCB9900750F37 /* Sources */ = {
			isa = PBXSourcesBuildPhase;
			buildActionMask = 2147483647;
			files = (
			);
			runOnlyForDeploymentPostprocessing = 0;
		};
/* End PBXSourcesBuildPhase section */

/* Begin PBXTargetDependency section */
		479CE48F2DEDCB9900750F37 /* PBXTargetDependency */ = {
			isa = PBXTargetDependency;
			target = 479CE47F2DEDCB9700750F37 /* FetchTakeHomeAssesment */;
			targetProxy = 479CE48E2DEDCB9900750F37 /* PBXContainerItemProxy */;
		};
		479CE4992DEDCB9900750F37 /* PBXTargetDependency */ = {
			isa = PBXTargetDependency;
			target = 479CE47F2DEDCB9700750F37 /* FetchTakeHomeAssesment */;
			targetProxy = 479CE4982DEDCB9900750F37 /* PBXContainerItemProxy */;
		};
/* End PBXTargetDependency section */

/* Begin XCBuildConfiguration section */
		479CE49F2DEDCB9900750F37 /* Debug */ = {
			isa = XCBuildConfiguration;
			buildSettings = {
				ALWAYS_SEARCH_USER_PATHS = NO;
				ASSETCATALOG_COMPILER_GENERATE_SWIFT_ASSET_SYMBOL_EXTENSIONS = YES;
				CLANG_ANALYZER_NONNULL = YES;
				CLANG_ANALYZER_NUMBER_OBJECT_CONVERSION = YES_AGGRESSIVE;
				CLANG_CXX_LANGUAGE_STANDARD = "gnu++20";
				CLANG_ENABLE_MODULES = YES;
				CLANG_ENABLE_OBJC_ARC = YES;
				CLANG_ENABLE_OBJC_WEAK = YES;
				CLANG_WARN_BLOCK_CAPTURE_AUTORELEASING = YES;
				CLANG_WARN_BOOL_CONVERSION = YES;
				CLANG_WARN_COMMA = YES;
				CLANG_WARN_CONSTANT_CONVERSION = YES;
				CLANG_WARN_DEPRECATED_OBJC_IMPLEMENTATIONS = YES;
				CLANG_WARN_DIRECT_OBJC_ISA_USAGE = YES_ERROR;
				CLANG_WARN_DOCUMENTATION_COMMENTS = YES;
				CLANG_WARN_EMPTY_BODY = YES;
				CLANG_WARN_ENUM_CONVERSION = YES;
				CLANG_WARN_INFINITE_RECURSION = YES;
				CLANG_WARN_INT_CONVERSION = YES;
				CLANG_WARN_NON_LITERAL_NULL_CONVERSION = YES;
				CLANG_WARN_OBJC_IMPLICIT_RETAIN_SELF = YES;
				CLANG_WARN_OBJC_LITERAL_CONVERSION = YES;
				CLANG_WARN_OBJC_ROOT_CLASS = YES_ERROR;
				CLANG_WARN_QUOTED_INCLUDE_IN_FRAMEWORK_HEADER = YES;
				CLANG_WARN_RANGE_LOOP_ANALYSIS = YES;
				CLANG_WARN_STRICT_PROTOTYPES = YES;
				CLANG_WARN_SUSPICIOUS_MOVE = YES;
				CLANG_WARN_UNGUARDED_AVAILABILITY = YES_AGGRESSIVE;
				CLANG_WARN_UNREACHABLE_CODE = YES;
				CLANG_WARN__DUPLICATE_METHOD_MATCH = YES;
				COPY_PHASE_STRIP = NO;
				DEBUG_INFORMATION_FORMAT = dwarf;
				DEVELOPMENT_TEAM = 6LJNAC4NY5;
				ENABLE_STRICT_OBJC_MSGSEND = YES;
				ENABLE_TESTABILITY = YES;
				ENABLE_USER_SCRIPT_SANDBOXING = YES;
				GCC_C_LANGUAGE_STANDARD = gnu17;
				GCC_DYNAMIC_NO_PIC = NO;
				GCC_NO_COMMON_BLOCKS = YES;
				GCC_OPTIMIZATION_LEVEL = 0;
				GCC_PREPROCESSOR_DEFINITIONS = (
					"DEBUG=1",
					"$(inherited)",
				);
				GCC_WARN_64_TO_32_BIT_CONVERSION = YES;
				GCC_WARN_ABOUT_RETURN_TYPE = YES_ERROR;
				GCC_WARN_UNDECLARED_SELECTOR = YES;
				GCC_WARN_UNINITIALIZED_AUTOS = YES_AGGRESSIVE;
				GCC_WARN_UNUSED_FUNCTION = YES;
				GCC_WARN_UNUSED_VARIABLE = YES;
				IPHONEOS_DEPLOYMENT_TARGET = 18.5;
				LOCALIZATION_PREFERS_STRING_CATALOGS = YES;
				MTL_ENABLE_DEBUG_INFO = INCLUDE_SOURCE;
				MTL_FAST_MATH = YES;
				ONLY_ACTIVE_ARCH = YES;
				SDKROOT = iphoneos;
				SWIFT_ACTIVE_COMPILATION_CONDITIONS = "DEBUG $(inherited)";
				SWIFT_OPTIMIZATION_LEVEL = "-Onone";
			};
			name = Debug;
		};
		479CE4A02DEDCB9900750F37 /* Release */ = {
			isa = XCBuildConfiguration;
			buildSettings = {
				ALWAYS_SEARCH_USER_PATHS = NO;
				ASSETCATALOG_COMPILER_GENERATE_SWIFT_ASSET_SYMBOL_EXTENSIONS = YES;
				CLANG_ANALYZER_NONNULL = YES;
				CLANG_ANALYZER_NUMBER_OBJECT_CONVERSION = YES_AGGRESSIVE;
				CLANG_CXX_LANGUAGE_STANDARD = "gnu++20";
				CLANG_ENABLE_MODULES = YES;
				CLANG_ENABLE_OBJC_ARC = YES;
				CLANG_ENABLE_OBJC_WEAK = YES;
				CLANG_WARN_BLOCK_CAPTURE_AUTORELEASING = YES;
				CLANG_WARN_BOOL_CONVERSION = YES;
				CLANG_WARN_COMMA = YES;
				CLANG_WARN_CONSTANT_CONVERSION = YES;
				CLANG_WARN_DEPRECATED_OBJC_IMPLEMENTATIONS = YES;
				CLANG_WARN_DIRECT_OBJC_ISA_USAGE = YES_ERROR;
				CLANG_WARN_DOCUMENTATION_COMMENTS = YES;
				CLANG_WARN_EMPTY_BODY = YES;
				CLANG_WARN_ENUM_CONVERSION = YES;
				CLANG_WARN_INFINITE_RECURSION = YES;
				CLANG_WARN_INT_CONVERSION = YES;
				CLANG_WARN_NON_LITERAL_NULL_CONVERSION = YES;
				CLANG_WARN_OBJC_IMPLICIT_RETAIN_SELF = YES;
				CLANG_WARN_OBJC_LITERAL_CONVERSION = YES;
				CLANG_WARN_OBJC_ROOT_CLASS = YES_ERROR;
				CLANG_WARN_QUOTED_INCLUDE_IN_FRAMEWORK_HEADER = YES;
				CLANG_WARN_RANGE_LOOP_ANALYSIS = YES;
				CLANG_WARN_STRICT_PROTOTYPES = YES;
				CLANG_WARN_SUSPICIOUS_MOVE = YES;
				CLANG_WARN_UNGUARDED_AVAILABILITY = YES_AGGRESSIVE;
				CLANG_WARN_UNREACHABLE_CODE = YES;
				CLANG_WARN__DUPLICATE_METHOD_MATCH = YES;
				COPY_PHASE_STRIP = NO;
				DEBUG_INFORMATION_FORMAT = "dwarf-with-dsym";
				DEVELOPMENT_TEAM = 6LJNAC4NY5;
				ENABLE_NS_ASSERTIONS = NO;
				ENABLE_STRICT_OBJC_MSGSEND = YES;
				ENABLE_USER_SCRIPT_SANDBOXING = YES;
				GCC_C_LANGUAGE_STANDARD = gnu17;
				GCC_NO_COMMON_BLOCKS = YES;
				GCC_WARN_64_TO_32_BIT_CONVERSION = YES;
				GCC_WARN_ABOUT_RETURN_TYPE = YES_ERROR;
				GCC_WARN_UNDECLARED_SELECTOR = YES;
				GCC_WARN_UNINITIALIZED_AUTOS = YES_AGGRESSIVE;
				GCC_WARN_UNUSED_FUNCTION = YES;
				GCC_WARN_UNUSED_VARIABLE = YES;
				IPHONEOS_DEPLOYMENT_TARGET = 18.5;
				LOCALIZATION_PREFERS_STRING_CATALOGS = YES;
				MTL_ENABLE_DEBUG_INFO = NO;
				MTL_FAST_MATH = YES;
				SDKROOT = iphoneos;
				SWIFT_COMPILATION_MODE = wholemodule;
				VALIDATE_PRODUCT = YES;
			};
			name = Release;
		};
		479CE4A22DEDCB9900750F37 /* Debug */ = {
			isa = XCBuildConfiguration;
			buildSettings = {
				ASSETCATALOG_COMPILER_APPICON_NAME = AppIcon;
				ASSETCATALOG_COMPILER_GLOBAL_ACCENT_COLOR_NAME = AccentColor;
				CODE_SIGN_STYLE = Automatic;
				CURRENT_PROJECT_VERSION = 1;
				DEVELOPMENT_TEAM = 6LJNAC4NY5;
				ENABLE_PREVIEWS = YES;
				GENERATE_INFOPLIST_FILE = YES;
				INFOPLIST_KEY_UIApplicationSceneManifest_Generation = YES;
				INFOPLIST_KEY_UIApplicationSupportsIndirectInputEvents = YES;
				INFOPLIST_KEY_UILaunchScreen_Generation = YES;
				INFOPLIST_KEY_UISupportedInterfaceOrientations_iPad = "UIInterfaceOrientationPortrait UIInterfaceOrientationPortraitUpsideDown UIInterfaceOrientationLandscapeLeft UIInterfaceOrientationLandscapeRight";
				INFOPLIST_KEY_UISupportedInterfaceOrientations_iPhone = "UIInterfaceOrientationPortrait UIInterfaceOrientationLandscapeLeft UIInterfaceOrientationLandscapeRight";
				LD_RUNPATH_SEARCH_PATHS = (
					"$(inherited)",
					"@executable_path/Frameworks",
				);
				MARKETING_VERSION = 1.0;
				PRODUCT_BUNDLE_IDENTIFIER = com.recipes.FetchTakeHomeAssesment;
				PRODUCT_NAME = "$(TARGET_NAME)";
				SWIFT_EMIT_LOC_STRINGS = YES;
				SWIFT_VERSION = 5.0;
				TARGETED_DEVICE_FAMILY = "1,2";
			};
			name = Debug;
		};
		479CE4A32DEDCB9900750F37 /* Release */ = {
			isa = XCBuildConfiguration;
			buildSettings = {
				ASSETCATALOG_COMPILER_APPICON_NAME = AppIcon;
				ASSETCATALOG_COMPILER_GLOBAL_ACCENT_COLOR_NAME = AccentColor;
				CODE_SIGN_STYLE = Automatic;
				CURRENT_PROJECT_VERSION = 1;
				DEVELOPMENT_TEAM = 6LJNAC4NY5;
				ENABLE_PREVIEWS = YES;
				GENERATE_INFOPLIST_FILE = YES;
				INFOPLIST_KEY_UIApplicationSceneManifest_Generation = YES;
				INFOPLIST_KEY_UIApplicationSupportsIndirectInputEvents = YES;
				INFOPLIST_KEY_UILaunchScreen_Generation = YES;
				INFOPLIST_KEY_UISupportedInterfaceOrientations_iPad = "UIInterfaceOrientationPortrait UIInterfaceOrientationPortraitUpsideDown UIInterfaceOrientationLandscapeLeft UIInterfaceOrientationLandscapeRight";
				INFOPLIST_KEY_UISupportedInterfaceOrientations_iPhone = "UIInterfaceOrientationPortrait UIInterfaceOrientationLandscapeLeft UIInterfaceOrientationLandscapeRight";
				LD_RUNPATH_SEARCH_PATHS = (
					"$(inherited)",
					"@executable_path/Frameworks",
				);
				MARKETING_VERSION = 1.0;
				PRODUCT_BUNDLE_IDENTIFIER = com.recipes.FetchTakeHomeAssesment;
				PRODUCT_NAME = "$(TARGET_NAME)";
				SWIFT_EMIT_LOC_STRINGS = YES;
				SWIFT_VERSION = 5.0;
				TARGETED_DEVICE_FAMILY = "1,2";
			};
			name = Release;
		};
		479CE4A52DEDCB9900750F37 /* Debug */ = {
			isa = XCBuildConfiguration;
			buildSettings = {
				BUNDLE_LOADER = "$(TEST_HOST)";
				CODE_SIGN_STYLE = Automatic;
				CURRENT_PROJECT_VERSION = 1;
				DEVELOPMENT_TEAM = 6LJNAC4NY5;
				GENERATE_INFOPLIST_FILE = YES;
				IPHONEOS_DEPLOYMENT_TARGET = 18.5;
				MARKETING_VERSION = 1.0;
				PRODUCT_BUNDLE_IDENTIFIER = com.recipes.FetchTakeHomeAssesmentTests;
				PRODUCT_NAME = "$(TARGET_NAME)";
				SWIFT_EMIT_LOC_STRINGS = NO;
				SWIFT_VERSION = 5.0;
				TARGETED_DEVICE_FAMILY = "1,2";
				TEST_HOST = "$(BUILT_PRODUCTS_DIR)/FetchTakeHomeAssesment.app/$(BUNDLE_EXECUTABLE_FOLDER_PATH)/FetchTakeHomeAssesment";
			};
			name = Debug;
		};
		479CE4A62DEDCB9900750F37 /* Release */ = {
			isa = XCBuildConfiguration;
			buildSettings = {
				BUNDLE_LOADER = "$(TEST_HOST)";
				CODE_SIGN_STYLE = Automatic;
				CURRENT_PROJECT_VERSION = 1;
				DEVELOPMENT_TEAM = 6LJNAC4NY5;
				GENERATE_INFOPLIST_FILE = YES;
				IPHONEOS_DEPLOYMENT_TARGET = 18.5;
				MARKETING_VERSION = 1.0;
				PRODUCT_BUNDLE_IDENTIFIER = com.recipes.FetchTakeHomeAssesmentTests;
				PRODUCT_NAME = "$(TARGET_NAME)";
				SWIFT_EMIT_LOC_STRINGS = NO;
				SWIFT_VERSION = 5.0;
				TARGETED_DEVICE_FAMILY = "1,2";
				TEST_HOST = "$(BUILT_PRODUCTS_DIR)/FetchTakeHomeAssesment.app/$(BUNDLE_EXECUTABLE_FOLDER_PATH)/FetchTakeHomeAssesment";
			};
			name = Release;
		};
		479CE4A82DEDCB9900750F37 /* Debug */ = {
			isa = XCBuildConfiguration;
			buildSettings = {
				CODE_SIGN_STYLE = Automatic;
				CURRENT_PROJECT_VERSION = 1;
				DEVELOPMENT_TEAM = 6LJNAC4NY5;
				GENERATE_INFOPLIST_FILE = YES;
				MARKETING_VERSION = 1.0;
				PRODUCT_BUNDLE_IDENTIFIER = com.recipes.FetchTakeHomeAssesmentUITests;
				PRODUCT_NAME = "$(TARGET_NAME)";
				SWIFT_EMIT_LOC_STRINGS = NO;
				SWIFT_VERSION = 5.0;
				TARGETED_DEVICE_FAMILY = "1,2";
				TEST_TARGET_NAME = FetchTakeHomeAssesment;
			};
			name = Debug;
		};
		479CE4A92DEDCB9900750F37 /* Release */ = {
			isa = XCBuildConfiguration;
			buildSettings = {
				CODE_SIGN_STYLE = Automatic;
				CURRENT_PROJECT_VERSION = 1;
				DEVELOPMENT_TEAM = 6LJNAC4NY5;
				GENERATE_INFOPLIST_FILE = YES;
				MARKETING_VERSION = 1.0;
				PRODUCT_BUNDLE_IDENTIFIER = com.recipes.FetchTakeHomeAssesmentUITests;
				PRODUCT_NAME = "$(TARGET_NAME)";
				SWIFT_EMIT_LOC_STRINGS = NO;
				SWIFT_VERSION = 5.0;
				TARGETED_DEVICE_FAMILY = "1,2";
				TEST_TARGET_NAME = FetchTakeHomeAssesment;
			};
			name = Release;
		};
/* End XCBuildConfiguration section */

/* Begin XCConfigurationList section */
		479CE47B2DEDCB9700750F37 /* Build configuration list for PBXProject "FetchTakeHomeAssesment" */ = {
			isa = XCConfigurationList;
			buildConfigurations = (
				479CE49F2DEDCB9900750F37 /* Debug */,
				479CE4A02DEDCB9900750F37 /* Release */,
			);
			defaultConfigurationIsVisible = 0;
			defaultConfigurationName = Release;
		};
		479CE4A12DEDCB9900750F37 /* Build configuration list for PBXNativeTarget "FetchTakeHomeAssesment" */ = {
			isa = XCConfigurationList;
			buildConfigurations = (
				479CE4A22DEDCB9900750F37 /* Debug */,
				479CE4A32DEDCB9900750F37 /* Release */,
			);
			defaultConfigurationIsVisible = 0;
			defaultConfigurationName = Release;
		};
		479CE4A42DEDCB9900750F37 /* Build configuration list for PBXNativeTarget "FetchTakeHomeAssesmentTests" */ = {
			isa = XCConfigurationList;
			buildConfigurations = (
				479CE4A52DEDCB9900750F37 /* Debug */,
				479CE4A62DEDCB9900750F37 /* Release */,
			);
			defaultConfigurationIsVisible = 0;
			defaultConfigurationName = Release;
		};
		479CE4A72DEDCB9900750F37 /* Build configuration list for PBXNativeTarget "FetchTakeHomeAssesmentUITests" */ = {
			isa = XCConfigurationList;
			buildConfigurations = (
				479CE4A82DEDCB9900750F37 /* Debug */,
				479CE4A92DEDCB9900750F37 /* Release */,
			);
			defaultConfigurationIsVisible = 0;
			defaultConfigurationName = Release;
		};
/* End XCConfigurationList section */
	};
	rootObject = 479CE4782DEDCB9700750F37 /* Project object */;
}
